
Microsoft Visual Studio Solution File, Format Version 12.00
# Visual Studio 14
VisualStudioVersion = 14.0.25420.1
MinimumVisualStudioVersion = 10.0.40219.1
Project("{FAE04EC0-301F-11D3-BF4B-00C04F79EFBC}") = "BeYourCoach.Domain", "BeYourCoach.Domain\BeYourCoach.Domain.csproj", "{8BBCE62D-C18E-478E-9C1A-A3BABA4DC7B8}"
EndProject
Project("{FAE04EC0-301F-11D3-BF4B-00C04F79EFBC}") = "BeYourCoach.Test", "BeYourCoach.Test\BeYourCoach.Test.csproj", "{4A928237-EE4A-4938-8E43-0324826650E4}"
EndProject
Project("{FAE04EC0-301F-11D3-BF4B-00C04F79EFBC}") = "BeYourCoach.Common", "BeYourCoach.Common\BeYourCoach.Common.csproj", "{B527A681-9A20-4233-98CB-467315240E0E}"
EndProject
Project("{FAE04EC0-301F-11D3-BF4B-00C04F79EFBC}") = "BeYourCoach.Caliburn", "BeYourCoach.Caliburn\BeYourCoach.Caliburn.csproj", "{2341BF69-2C29-4D67-8C4C-FAF903ABC2F9}"
EndProject
Project("{FAE04EC0-301F-11D3-BF4B-00C04F79EFBC}") = "BeYourCoach.Infrastructure", "BeYourCoach.Infrastructure\BeYourCoach.Infrastructure.csproj", "{60A3FFE6-7E19-4C70-A54D-E4BBA539A788}"
EndProject
Project("{FAE04EC0-301F-11D3-BF4B-00C04F79EFBC}") = "BeYourCoach.Application", "BeYourCoach.Application\BeYourCoach.Application.csproj", "{7BFF4347-0BDD-4643-B91B-FC9F20CF6F0E}"
EndProject
Project("{FAE04EC0-301F-11D3-BF4B-00C04F79EFBC}") = "Common.Domain", "Common.Domain\Common.Domain.csproj", "{7C686388-86E3-4CF4-B346-4F4733F73ACF}"
EndProject
Global
	GlobalSection(SolutionConfigurationPlatforms) = preSolution
		Debug|Any CPU = Debug|Any CPU
		Release|Any CPU = Release|Any CPU
	EndGlobalSection
	GlobalSection(ProjectConfigurationPlatforms) = postSolution
		{8BBCE62D-C18E-478E-9C1A-A3BABA4DC7B8}.Debug|Any CPU.ActiveCfg = Debug|Any CPU
		{8BBCE62D-C18E-478E-9C1A-A3BABA4DC7B8}.Debug|Any CPU.Build.0 = Debug|Any CPU
		{8BBCE62D-C18E-478E-9C1A-A3BABA4DC7B8}.Release|Any CPU.ActiveCfg = Release|Any CPU
		{8BBCE62D-C18E-478E-9C1A-A3BABA4DC7B8}.Release|Any CPU.Build.0 = Release|Any CPU
		{4A928237-EE4A-4938-8E43-0324826650E4}.Debug|Any CPU.ActiveCfg = Debug|Any CPU
		{4A928237-EE4A-4938-8E43-0324826650E4}.Debug|Any CPU.Build.0 = Debug|Any CPU
		{4A928237-EE4A-4938-8E43-0324826650E4}.Release|Any CPU.ActiveCfg = Release|Any CPU
		{4A928237-EE4A-4938-8E43-0324826650E4}.Release|Any CPU.Build.0 = Release|Any CPU
		{B527A681-9A20-4233-98CB-467315240E0E}.Debug|Any CPU.ActiveCfg = Debug|Any CPU
		{B527A681-9A20-4233-98CB-467315240E0E}.Debug|Any CPU.Build.0 = Debug|Any CPU
		{B527A681-9A20-4233-98CB-467315240E0E}.Release|Any CPU.ActiveCfg = Release|Any CPU
		{B527A681-9A20-4233-98CB-467315240E0E}.Release|Any CPU.Build.0 = Release|Any CPU
		{2341BF69-2C29-4D67-8C4C-FAF903ABC2F9}.Debug|Any CPU.ActiveCfg = Debug|Any CPU
		{2341BF69-2C29-4D67-8C4C-FAF903ABC2F9}.Debug|Any CPU.Build.0 = Debug|Any CPU
		{2341BF69-2C29-4D67-8C4C-FAF903ABC2F9}.Release|Any CPU.ActiveCfg = Release|Any CPU
		{2341BF69-2C29-4D67-8C4C-FAF903ABC2F9}.Release|Any CPU.Build.0 = Release|Any CPU
		{60A3FFE6-7E19-4C70-A54D-E4BBA539A788}.Debug|Any CPU.ActiveCfg = Debug|Any CPU
		{60A3FFE6-7E19-4C70-A54D-E4BBA539A788}.Debug|Any CPU.Build.0 = Debug|Any CPU
		{60A3FFE6-7E19-4C70-A54D-E4BBA539A788}.Release|Any CPU.ActiveCfg = Release|Any CPU
		{60A3FFE6-7E19-4C70-A54D-E4BBA539A788}.Release|Any CPU.Build.0 = Release|Any CPU
		{7BFF4347-0BDD-4643-B91B-FC9F20CF6F0E}.Debug|Any CPU.ActiveCfg = Debug|Any CPU
		{7BFF4347-0BDD-4643-B91B-FC9F20CF6F0E}.Debug|Any CPU.Build.0 = Debug|Any CPU
		{7BFF4347-0BDD-4643-B91B-FC9F20CF6F0E}.Release|Any CPU.ActiveCfg = Release|Any CPU
		{7BFF4347-0BDD-4643-B91B-FC9F20CF6F0E}.Release|Any CPU.Build.0 = Release|Any CPU
		{7C686388-86E3-4CF4-B346-4F4733F73ACF}.Debug|Any CPU.ActiveCfg = Debug|Any CPU
		{7C686388-86E3-4CF4-B346-4F4733F73ACF}.Debug|Any CPU.Build.0 = Debug|Any CPU
		{7C686388-86E3-4CF4-B346-4F4733F73ACF}.Release|Any CPU.ActiveCfg = Release|Any CPU
		{7C686388-86E3-4CF4-B346-4F4733F73ACF}.Release|Any CPU.Build.0 = Release|Any CPU
	EndGlobalSection
	GlobalSection(SolutionProperties) = preSolution
		HideSolutionNode = FALSE
	EndGlobalSection
EndGlobal
